
Microsoft Visual Studio Solution File, Format Version 12.00
# Visual Studio 15
VisualStudioVersion = 15.0.26124.0
MinimumVisualStudioVersion = 15.0.26124.0
Project("{2150E333-8FDC-42A3-9474-1A3956D46DE8}") = "Control with Kasay.DependencyProperty", "Control with Kasay.DependencyProperty", "{8BD74BE5-685A-4A9A-92B1-C8F9A04207CE}"
EndProject
Project("{FAE04EC0-301F-11D3-BF4B-00C04F79EFBC}") = "Sample.DependencyPropertyWPF", "Sample.DependencyPropertyWPF\Sample.DependencyPropertyWPF.csproj", "{14156408-CBBA-4393-A9D5-F3BC13811CA7}"
EndProject
Global
	GlobalSection(SolutionConfigurationPlatforms) = preSolution
		Debug|Any CPU = Debug|Any CPU
		Debug|x64 = Debug|x64
		Debug|x86 = Debug|x86
		Release|Any CPU = Release|Any CPU
		Release|x64 = Release|x64
		Release|x86 = Release|x86
	EndGlobalSection
	GlobalSection(ProjectConfigurationPlatforms) = postSolution
		{14156408-CBBA-4393-A9D5-F3BC13811CA7}.Debug|Any CPU.ActiveCfg = Debug|Any CPU
		{14156408-CBBA-4393-A9D5-F3BC13811CA7}.Debug|Any CPU.Build.0 = Debug|Any CPU
		{14156408-CBBA-4393-A9D5-F3BC13811CA7}.Debug|x64.ActiveCfg = Debug|Any CPU
		{14156408-CBBA-4393-A9D5-F3BC13811CA7}.Debug|x64.Build.0 = Debug|Any CPU
		{14156408-CBBA-4393-A9D5-F3BC13811CA7}.Debug|x86.ActiveCfg = Debug|Any CPU
		{14156408-CBBA-4393-A9D5-F3BC13811CA7}.Debug|x86.Build.0 = Debug|Any CPU
		{14156408-CBBA-4393-A9D5-F3BC13811CA7}.Release|Any CPU.ActiveCfg = Release|Any CPU
		{14156408-CBBA-4393-A9D5-F3BC13811CA7}.Release|Any CPU.Build.0 = Release|Any CPU
		{14156408-CBBA-4393-A9D5-F3BC13811CA7}.Release|x64.ActiveCfg = Release|Any CPU
		{14156408-CBBA-4393-A9D5-F3BC13811CA7}.Release|x64.Build.0 = Release|Any CPU
		{14156408-CBBA-4393-A9D5-F3BC13811CA7}.Release|x86.ActiveCfg = Release|Any CPU
		{14156408-CBBA-4393-A9D5-F3BC13811CA7}.Release|x86.Build.0 = Release|Any CPU
	EndGlobalSection
	GlobalSection(SolutionProperties) = preSolution
		HideSolutionNode = FALSE
	EndGlobalSection
	GlobalSection(ExtensibilityGlobals) = postSolution
		SolutionGuid = {5034388B-EB55-41E0-94DB-849DAE9ADFEA}
	EndGlobalSection
EndGlobal
